Microsoft Visual Studio Solution File, Format Version 12.00
# Visual Studio Version 17
VisualStudioVersion = 17.5.2.0
MinimumVisualStudioVersion = 10.0.40219.1
Project("{2150E333-8FDC-42A3-9474-1A3956D46DE8}") = "mvp-performance", "mvp-performance", "{AC10430F-535F-A829-7C9A-BF29F122FC2A}"
EndProject
Project("{2150E333-8FDC-42A3-9474-1A3956D46DE8}") = "src", "src", "{F03D5B1B-291B-CD36-7D46-6EC4AC75C9FB}"
EndProject
Project("{FAE04EC0-301F-11D3-BF4B-00C04F79EFBC}") = "Api", "mvp-performance\src\Api\Api.csproj", "{44286D8E-07ED-D570-3605-13E2F9AC44C1}"
EndProject
Global
	GlobalSection(SolutionConfigurationPlatforms) = preSolution
		Debug|Any CPU = Debug|Any CPU
		Release|Any CPU = Release|Any CPU
	EndGlobalSection
	GlobalSection(ProjectConfigurationPlatforms) = postSolution
		{44286D8E-07ED-D570-3605-13E2F9AC44C1}.Debug|Any CPU.ActiveCfg = Debug|Any CPU
		{44286D8E-07ED-D570-3605-13E2F9AC44C1}.Debug|Any CPU.Build.0 = Debug|Any CPU
		{44286D8E-07ED-D570-3605-13E2F9AC44C1}.Release|Any CPU.ActiveCfg = Release|Any CPU
		{44286D8E-07ED-D570-3605-13E2F9AC44C1}.Release|Any CPU.Build.0 = Release|Any CPU
	EndGlobalSection
	GlobalSection(SolutionProperties) = preSolution
		HideSolutionNode = FALSE
	EndGlobalSection
	GlobalSection(NestedProjects) = preSolution
		{F03D5B1B-291B-CD36-7D46-6EC4AC75C9FB} = {AC10430F-535F-A829-7C9A-BF29F122FC2A}
		{44286D8E-07ED-D570-3605-13E2F9AC44C1} = {F03D5B1B-291B-CD36-7D46-6EC4AC75C9FB}
	EndGlobalSection
	GlobalSection(ExtensibilityGlobals) = postSolution
		SolutionGuid = {8BB28E91-54E9-47DB-90E2-0827B436F9D7}
	EndGlobalSection
EndGlobal
